
Microsoft Visual Studio Solution File, Format Version 12.00
# Visual Studio Version 16
VisualStudioVersion = 16.0.31025.194
MinimumVisualStudioVersion = 10.0.40219.1
Project("{FAE04EC0-301F-11D3-BF4B-00C04F79EFBC}") = "01-Kalkulator", "01-Kalkulator.csproj", "{6FA3F1E9-A147-4B4E-95DB-0BF84D71D69E}"
EndProject
Global
	GlobalSection(SolutionConfigurationPlatforms) = preSolution
		Debug|Any CPU = Debug|Any CPU
		Release|Any CPU = Release|Any CPU
	EndGlobalSection
	GlobalSection(ProjectConfigurationPlatforms) = postSolution
		{6FA3F1E9-A147-4B4E-95DB-0BF84D71D69E}.Debug|Any CPU.ActiveCfg = Debug|Any CPU
		{6FA3F1E9-A147-4B4E-95DB-0BF84D71D69E}.Debug|Any CPU.Build.0 = Debug|Any CPU
		{6FA3F1E9-A147-4B4E-95DB-0BF84D71D69E}.Release|Any CPU.ActiveCfg = Release|Any CPU
		{6FA3F1E9-A147-4B4E-95DB-0BF84D71D69E}.Release|Any CPU.Build.0 = Release|Any CPU
	EndGlobalSection
	GlobalSection(SolutionProperties) = preSolution
		HideSolutionNode = FALSE
	EndGlobalSection
	GlobalSection(ExtensibilityGlobals) = postSolution
		SolutionGuid = {A0EBFD4C-C5D2-47B7-89A5-F15F028E1CAB}
	EndGlobalSection
EndGlobal
